
Microsoft Visual Studio Solution File, Format Version 12.00
# Visual Studio Version 17
VisualStudioVersion = 17.10.35027.167
MinimumVisualStudioVersion = 10.0.40219.1
Project("{9A19103F-16F7-4668-BE54-9A1E7A4F7556}") = "TelegramBot API", "TelegramBot API.csproj", "{D1D6DB9B-6489-4FA6-9D3F-86C136BFAE44}"
EndProject
Project("{FAE04EC0-301F-11D3-BF4B-00C04F79EFBC}") = "ApiFrameWork", "..\ApiFrameWork\ApiFrameWork.csproj", "{38781FF7-6A17-4519-9953-F288E734B74E}"
EndProject
Project("{FAE04EC0-301F-11D3-BF4B-00C04F79EFBC}") = "Common", "..\Common\Common.csproj", "{A4758DA2-470F-4927-A56E-228D7C741A87}"
EndProject
Project("{FAE04EC0-301F-11D3-BF4B-00C04F79EFBC}") = "ServicesLayer", "..\ServicesLayer\ServicesLayer.csproj", "{B1FD136E-A2CE-4EC3-B273-CB7B106E0700}"
EndProject
Project("{FAE04EC0-301F-11D3-BF4B-00C04F79EFBC}") = "DataLayer", "..\AccessLayer\DataLayer.csproj", "{CC7AF7AE-89FE-47C5-8CAF-2C2EFA765C69}"
EndProject
Project("{FAE04EC0-301F-11D3-BF4B-00C04F79EFBC}") = "Entities", "..\Entities\Entities.csproj", "{D05EA355-130A-437A-9981-C16959ACBEB2}"
EndProject
Global
	GlobalSection(SolutionConfigurationPlatforms) = preSolution
		Debug|Any CPU = Debug|Any CPU
		Release|Any CPU = Release|Any CPU
	EndGlobalSection
	GlobalSection(ProjectConfigurationPlatforms) = postSolution
		{D1D6DB9B-6489-4FA6-9D3F-86C136BFAE44}.Debug|Any CPU.ActiveCfg = Debug|Any CPU
		{D1D6DB9B-6489-4FA6-9D3F-86C136BFAE44}.Debug|Any CPU.Build.0 = Debug|Any CPU
		{D1D6DB9B-6489-4FA6-9D3F-86C136BFAE44}.Release|Any CPU.ActiveCfg = Release|Any CPU
		{D1D6DB9B-6489-4FA6-9D3F-86C136BFAE44}.Release|Any CPU.Build.0 = Release|Any CPU
		{38781FF7-6A17-4519-9953-F288E734B74E}.Debug|Any CPU.ActiveCfg = Debug|Any CPU
		{38781FF7-6A17-4519-9953-F288E734B74E}.Debug|Any CPU.Build.0 = Debug|Any CPU
		{38781FF7-6A17-4519-9953-F288E734B74E}.Release|Any CPU.ActiveCfg = Release|Any CPU
		{38781FF7-6A17-4519-9953-F288E734B74E}.Release|Any CPU.Build.0 = Release|Any CPU
		{A4758DA2-470F-4927-A56E-228D7C741A87}.Debug|Any CPU.ActiveCfg = Debug|Any CPU
		{A4758DA2-470F-4927-A56E-228D7C741A87}.Debug|Any CPU.Build.0 = Debug|Any CPU
		{A4758DA2-470F-4927-A56E-228D7C741A87}.Release|Any CPU.ActiveCfg = Release|Any CPU
		{A4758DA2-470F-4927-A56E-228D7C741A87}.Release|Any CPU.Build.0 = Release|Any CPU
		{B1FD136E-A2CE-4EC3-B273-CB7B106E0700}.Debug|Any CPU.ActiveCfg = Debug|Any CPU
		{B1FD136E-A2CE-4EC3-B273-CB7B106E0700}.Debug|Any CPU.Build.0 = Debug|Any CPU
		{B1FD136E-A2CE-4EC3-B273-CB7B106E0700}.Release|Any CPU.ActiveCfg = Release|Any CPU
		{B1FD136E-A2CE-4EC3-B273-CB7B106E0700}.Release|Any CPU.Build.0 = Release|Any CPU
		{CC7AF7AE-89FE-47C5-8CAF-2C2EFA765C69}.Debug|Any CPU.ActiveCfg = Debug|Any CPU
		{CC7AF7AE-89FE-47C5-8CAF-2C2EFA765C69}.Debug|Any CPU.Build.0 = Debug|Any CPU
		{CC7AF7AE-89FE-47C5-8CAF-2C2EFA765C69}.Release|Any CPU.ActiveCfg = Release|Any CPU
		{CC7AF7AE-89FE-47C5-8CAF-2C2EFA765C69}.Release|Any CPU.Build.0 = Release|Any CPU
		{D05EA355-130A-437A-9981-C16959ACBEB2}.Debug|Any CPU.ActiveCfg = Debug|Any CPU
		{D05EA355-130A-437A-9981-C16959ACBEB2}.Debug|Any CPU.Build.0 = Debug|Any CPU
		{D05EA355-130A-437A-9981-C16959ACBEB2}.Release|Any CPU.ActiveCfg = Release|Any CPU
		{D05EA355-130A-437A-9981-C16959ACBEB2}.Release|Any CPU.Build.0 = Release|Any CPU
	EndGlobalSection
	GlobalSection(SolutionProperties) = preSolution
		HideSolutionNode = FALSE
	EndGlobalSection
	GlobalSection(ExtensibilityGlobals) = postSolution
		SolutionGuid = {B8D3E01C-D54B-482C-A802-D9E827D070B4}
	EndGlobalSection
EndGlobal
